
Microsoft Visual Studio Solution File, Format Version 12.00
# Visual Studio Version 16
VisualStudioVersion = 16.0.31624.102
MinimumVisualStudioVersion = 10.0.40219.1
Project("{FAE04EC0-301F-11D3-BF4B-00C04F79EFBC}") = "Tarea 5", "Tarea 5\Tarea 5.csproj", "{BBE0BFE2-5B92-4AD4-8BAD-B028B86C1907}"
EndProject
Global
	GlobalSection(SolutionConfigurationPlatforms) = preSolution
		Debug|Any CPU = Debug|Any CPU
		Release|Any CPU = Release|Any CPU
	EndGlobalSection
	GlobalSection(ProjectConfigurationPlatforms) = postSolution
		{BBE0BFE2-5B92-4AD4-8BAD-B028B86C1907}.Debug|Any CPU.ActiveCfg = Debug|Any CPU
		{BBE0BFE2-5B92-4AD4-8BAD-B028B86C1907}.Debug|Any CPU.Build.0 = Debug|Any CPU
		{BBE0BFE2-5B92-4AD4-8BAD-B028B86C1907}.Release|Any CPU.ActiveCfg = Release|Any CPU
		{BBE0BFE2-5B92-4AD4-8BAD-B028B86C1907}.Release|Any CPU.Build.0 = Release|Any CPU
	EndGlobalSection
	GlobalSection(SolutionProperties) = preSolution
		HideSolutionNode = FALSE
	EndGlobalSection
	GlobalSection(ExtensibilityGlobals) = postSolution
		SolutionGuid = {2B59DACC-0F80-4E3B-8A78-6BBC5BB331EB}
	EndGlobalSection
EndGlobal
